
Microsoft Visual Studio Solution File, Format Version 12.00
# Visual Studio Version 17
VisualStudioVersion = 17.8.34219.65
MinimumVisualStudioVersion = 10.0.40219.1
Project("{FAE04EC0-301F-11D3-BF4B-00C04F79EFBC}") = "TestQuizz", "TestQuizz\TestQuizz.csproj", "{11F8C920-A59B-44D1-A72B-786738BF3DB8}"
EndProject
Global
	GlobalSection(SolutionConfigurationPlatforms) = preSolution
		Debug|Any CPU = Debug|Any CPU
		Release|Any CPU = Release|Any CPU
	EndGlobalSection
	GlobalSection(ProjectConfigurationPlatforms) = postSolution
		{11F8C920-A59B-44D1-A72B-786738BF3DB8}.Debug|Any CPU.ActiveCfg = Debug|Any CPU
		{11F8C920-A59B-44D1-A72B-786738BF3DB8}.Debug|Any CPU.Build.0 = Debug|Any CPU
		{11F8C920-A59B-44D1-A72B-786738BF3DB8}.Release|Any CPU.ActiveCfg = Release|Any CPU
		{11F8C920-A59B-44D1-A72B-786738BF3DB8}.Release|Any CPU.Build.0 = Release|Any CPU
	EndGlobalSection
	GlobalSection(SolutionProperties) = preSolution
		HideSolutionNode = FALSE
	EndGlobalSection
	GlobalSection(ExtensibilityGlobals) = postSolution
		SolutionGuid = {6ABE88BC-60F3-440A-82A2-F7BC7C17AD37}
	EndGlobalSection
EndGlobal
